// !$*UTF8*$!
{
	archiveVersion = 1;
	classes = {
	};
	objectVersion = 46;
	objects = {

/* Begin PBXBuildFile section */
		F55E65141C59CDE80007FF22 /* AppDelegate.swift in Sources */ = {isa = PBXBuildFile; fileRef = F55E65131C59CDE80007FF22 /* AppDelegate.swift */; };
		F55E65161C59CDE80007FF22 /* ViewController.swift in Sources */ = {isa = PBXBuildFile; fileRef = F55E65151C59CDE80007FF22 /* ViewController.swift */; };
		F55E65191C59CDE80007FF22 /* Main.storyboard in Resources */ = {isa = PBXBuildFile; fileRef = F55E65171C59CDE80007FF22 /* Main.storyboard */; };
		F55E651C1C59CDE80007FF22 /* Prueba.xcdatamodeld in Sources */ = {isa = PBXBuildFile; fileRef = F55E651A1C59CDE80007FF22 /* Prueba.xcdatamodeld */; };
		F55E651E1C59CDE80007FF22 /* Assets.xcassets in Resources */ = {isa = PBXBuildFile; fileRef = F55E651D1C59CDE80007FF22 /* Assets.xcassets */; };
		F55E65211C59CDE80007FF22 /* LaunchScreen.storyboard in Resources */ = {isa = PBXBuildFile; fileRef = F55E651F1C59CDE80007FF22 /* LaunchScreen.storyboard */; };
		F55E652C1C59CDE80007FF22 /* PruebaTests.swift in Sources */ = {isa = PBXBuildFile; fileRef = F55E652B1C59CDE80007FF22 /* PruebaTests.swift */; };
		F55E65371C59CDE80007FF22 /* PruebaUITests.swift in Sources */ = {isa = PBXBuildFile; fileRef = F55E65361C59CDE80007FF22 /* PruebaUITests.swift */; };
/* End PBXBuildFile section */

/* Begin PBXContainerItemProxy section */
		F55E65281C59CDE80007FF22 /* PBXContainerItemProxy */ = {
			isa = PBXContainerItemProxy;
			containerPortal = F55E65081C59CDE70007FF22 /* Project object */;
			proxyType = 1;
			remoteGlobalIDString = F55E650F1C59CDE70007FF22;
			remoteInfo = Prueba;
		};
		F55E65331C59CDE80007FF22 /* PBXContainerItemProxy */ = {
			isa = PBXContainerItemProxy;
			containerPortal = F55E65081C59CDE70007FF22 /* Project object */;
			proxyType = 1;
			remoteGlobalIDString = F55E650F1C59CDE70007FF22;
			remoteInfo = Prueba;
		};
/* End PBXContainerItemProxy section */

/* Begin PBXFileReference section */
		F55E65101C59CDE70007FF22 /* Prueba.app */ = {isa = PBXFileReference; explicitFileType = wrapper.application; includeInIndex = 0; path = Prueba.app; sourceTree = BUILT_PRODUCTS_DIR; };
		F55E65131C59CDE80007FF22 /* AppDelegate.swift */ = {isa = PBXFileReference; lastKnownFileType = sourcecode.swift; path = AppDelegate.swift; sourceTree = "<group>"; };
		F55E65151C59CDE80007FF22 /* ViewController.swift */ = {isa = PBXFileReference; lastKnownFileType = sourcecode.swift; path = ViewController.swift; sourceTree = "<group>"; };
		F55E65181C59CDE80007FF22 /* Base */ = {isa = PBXFileReference; lastKnownFileType = file.storyboard; name = Base; path = Base.lproj/Main.storyboard; sourceTree = "<group>"; };
		F55E651B1C59CDE80007FF22 /* Prueba.xcdatamodel */ = {isa = PBXFileReference; lastKnownFileType = wrapper.xcdatamodel; path = Prueba.xcdatamodel; sourceTree = "<group>"; };
		F55E651D1C59CDE80007FF22 /* Assets.xcassets */ = {isa = PBXFileReference; lastKnownFileType = folder.assetcatalog; path = Assets.xcassets; sourceTree = "<group>"; };
		F55E65201C59CDE80007FF22 /* Base */ = {isa = PBXFileReference; lastKnownFileType = file.storyboard; name = Base; path = Base.lproj/LaunchScreen.storyboard; sourceTree = "<group>"; };
		F55E65221C59CDE80007FF22 /* Info.plist */ = {isa = PBXFileReference; lastKnownFileType = text.plist.xml; path = Info.plist; sourceTree = "<group>"; };
		F55E65271C59CDE80007FF22 /* PruebaTests.xctest */ = {isa = PBXFileReference; explicitFileType = wrapper.cfbundle; includeInIndex = 0; path = PruebaTests.xctest; sourceTree = BUILT_PRODUCTS_DIR; };
		F55E652B1C59CDE80007FF22 /* PruebaTests.swift */ = {isa = PBXFileReference; lastKnownFileType = sourcecode.swift; path = PruebaTests.swift; sourceTree = "<group>"; };
		F55E652D1C59CDE80007FF22 /* Info.plist */ = {isa = PBXFileReference; lastKnownFileType = text.plist.xml; path = Info.plist; sourceTree = "<group>"; };
		F55E65321C59CDE80007FF22 /* PruebaUITests.xctest */ = {isa = PBXFileReference; explicitFileType = wrapper.cfbundle; includeInIndex = 0; path = PruebaUITests.xctest; sourceTree = BUILT_PRODUCTS_DIR; };
		F55E65361C59CDE80007FF22 /* PruebaUITests.swift */ = {isa = PBXFileReference; lastKnownFileType = sourcecode.swift; path = PruebaUITests.swift; sourceTree = "<group>"; };
		F55E65381C59CDE80007FF22 /* Info.plist */ = {isa = PBXFileReference; lastKnownFileType = text.plist.xml; path = Info.plist; sourceTree = "<group>"; };
/* End PBXFileReference section */

/* Begin PBXFrameworksBuildPhase section */
		F55E650D1C59CDE70007FF22 /* Frameworks */ = {
			isa = PBXFrameworksBuildPhase;
			buildActionMask = 2147483647;
			files = (
			);
			runOnlyForDeploymentPostprocessing = 0;
		};
		F55E65241C59CDE80007FF22 /* Frameworks */ = {
			isa = PBXFrameworksBuildPhase;
			buildActionMask = 2147483647;
			files = (
			);
			runOnlyForDeploymentPostprocessing = 0;
		};
		F55E652F1C59CDE80007FF22 /* Frameworks */ = {
			isa = PBXFrameworksBuildPhase;
			buildActionMask = 2147483647;
			files = (
			);
			runOnlyForDeploymentPostprocessing = 0;
		};
/* End PBXFrameworksBuildPhase section */

/* Begin PBXGroup section */
		F55E65071C59CDE70007FF22 = {
			isa = PBXGroup;
			children = (
				F55E65121C59CDE80007FF22 /* Prueba */,
				F55E652A1C59CDE80007FF22 /* PruebaTests */,
				F55E65351C59CDE80007FF22 /* PruebaUITests */,
				F55E65111C59CDE70007FF22 /* Products */,
			);
			sourceTree = "<group>";
		};
		F55E65111C59CDE70007FF22 /* Products */ = {
			isa = PBXGroup;
			children = (
				F55E65101C59CDE70007FF22 /* Prueba.app */,
				F55E65271C59CDE80007FF22 /* PruebaTests.xctest */,
				F55E65321C59CDE80007FF22 /* PruebaUITests.xctest */,
			);
			name = Products;
			sourceTree = "<group>";
		};
		F55E65121C59CDE80007FF22 /* Prueba */ = {
			isa = PBXGroup;
			children = (
				F55E65131C59CDE80007FF22 /* AppDelegate.swift */,
				F55E65151C59CDE80007FF22 /* ViewController.swift */,
				F55E65171C59CDE80007FF22 /* Main.storyboard */,
				F55E651D1C59CDE80007FF22 /* Assets.xcassets */,
				F55E651F1C59CDE80007FF22 /* LaunchScreen.storyboard */,
				F55E65221C59CDE80007FF22 /* Info.plist */,
				F55E651A1C59CDE80007FF22 /* Prueba.xcdatamodeld */,
			);
			path = Prueba;
			sourceTree = "<group>";
		};
		F55E652A1C59CDE80007FF22 /* PruebaTests */ = {
			isa = PBXGroup;
			children = (
				F55E652B1C59CDE80007FF22 /* PruebaTests.swift */,
				F55E652D1C59CDE80007FF22 /* Info.plist */,
			);
			path = PruebaTests;
			sourceTree = "<group>";
		};
		F55E65351C59CDE80007FF22 /* PruebaUITests */ = {
			isa = PBXGroup;
			children = (
				F55E65361C59CDE80007FF22 /* PruebaUITests.swift */,
				F55E65381C59CDE80007FF22 /* Info.plist */,
			);
			path = PruebaUITests;
			sourceTree = "<group>";
		};
/* End PBXGroup section */

/* Begin PBXNativeTarget section */
		F55E650F1C59CDE70007FF22 /* Prueba */ = {
			isa = PBXNativeTarget;
			buildConfigurationList = F55E653B1C59CDE80007FF22 /* Build configuration list for PBXNativeTarget "Prueba" */;
			buildPhases = (
				F55E650C1C59CDE70007FF22 /* Sources */,
				F55E650D1C59CDE70007FF22 /* Frameworks */,
				F55E650E1C59CDE70007FF22 /* Resources */,
			);
			buildRules = (
			);
			dependencies = (
			);
			name = Prueba;
			productName = Prueba;
			productReference = F55E65101C59CDE70007FF22 /* Prueba.app */;
			productType = "com.apple.product-type.application";
		};
		F55E65261C59CDE80007FF22 /* PruebaTests */ = {
			isa = PBXNativeTarget;
			buildConfigurationList = F55E653E1C59CDE80007FF22 /* Build configuration list for PBXNativeTarget "PruebaTests" */;
			buildPhases = (
				F55E65231C59CDE80007FF22 /* Sources */,
				F55E65241C59CDE80007FF22 /* Frameworks */,
				F55E65251C59CDE80007FF22 /* Resources */,
			);
			buildRules = (
			);
			dependencies = (
				F55E65291C59CDE80007FF22 /* PBXTargetDependency */,
			);
			name = PruebaTests;
			productName = PruebaTests;
			productReference = F55E65271C59CDE80007FF22 /* PruebaTests.xctest */;
			productType = "com.apple.product-type.bundle.unit-test";
		};
		F55E65311C59CDE80007FF22 /* PruebaUITests */ = {
			isa = PBXNativeTarget;
			buildConfigurationList = F55E65411C59CDE80007FF22 /* Build configuration list for PBXNativeTarget "PruebaUITests" */;
			buildPhases = (
				F55E652E1C59CDE80007FF22 /* Sources */,
				F55E652F1C59CDE80007FF22 /* Frameworks */,
				F55E65301C59CDE80007FF22 /* Resources */,
			);
			buildRules = (
			);
			dependencies = (
				F55E65341C59CDE80007FF22 /* PBXTargetDependency */,
			);
			name = PruebaUITests;
			productName = PruebaUITests;
			productReference = F55E65321C59CDE80007FF22 /* PruebaUITests.xctest */;
			productType = "com.apple.product-type.bundle.ui-testing";
		};
/* End PBXNativeTarget section */

/* Begin PBXProject section */
		F55E65081C59CDE70007FF22 /* Project object */ = {
			isa = PBXProject;
			attributes = {
				LastSwiftUpdateCheck = 0720;
				LastUpgradeCheck = 0720;
				ORGANIZATIONNAME = "Alejandro Plaza";
				TargetAttributes = {
					F55E650F1C59CDE70007FF22 = {
						CreatedOnToolsVersion = 7.2;
						DevelopmentTeam = A54GZ6Q7J6;
					};
					F55E65261C59CDE80007FF22 = {
						CreatedOnToolsVersion = 7.2;
						DevelopmentTeam = A54GZ6Q7J6;
						TestTargetID = F55E650F1C59CDE70007FF22;
					};
					F55E65311C59CDE80007FF22 = {
						CreatedOnToolsVersion = 7.2;
						DevelopmentTeam = A54GZ6Q7J6;
						TestTargetID = F55E650F1C59CDE70007FF22;
					};
				};
			};
			buildConfigurationList = F55E650B1C59CDE70007FF22 /* Build configuration list for PBXProject "Prueba" */;
			compatibilityVersion = "Xcode 3.2";
			developmentRegion = English;
			hasScannedForEncodings = 0;
			knownRegions = (
				en,
				Base,
			);
			mainGroup = F55E65071C59CDE70007FF22;
			productRefGroup = F55E65111C59CDE70007FF22 /* Products */;
			projectDirPath = "";
			projectRoot = "";
			targets = (
				F55E650F1C59CDE70007FF22 /* Prueba */,
				F55E65261C59CDE80007FF22 /* PruebaTests */,
				F55E65311C59CDE80007FF22 /* PruebaUITests */,
			);
		};
/* End PBXProject section */

/* Begin PBXResourcesBuildPhase section */
		F55E650E1C59CDE70007FF22 /* Resources */ = {
			isa = PBXResourcesBuildPhase;
			buildActionMask = 2147483647;
			files = (
				F55E65211C59CDE80007FF22 /* LaunchScreen.storyboard in Resources */,
				F55E651E1C59CDE80007FF22 /* Assets.xcassets in Resources */,
				F55E65191C59CDE80007FF22 /* Main.storyboard in Resources */,
			);
			runOnlyForDeploymentPostprocessing = 0;
		};
		F55E65251C59CDE80007FF22 /* Resources */ = {
			isa = PBXResourcesBuildPhase;
			buildActionMask = 2147483647;
			files = (
			);
			runOnlyForDeploymentPostprocessing = 0;
		};
		F55E65301C59CDE80007FF22 /* Resources */ = {
			isa = PBXResourcesBuildPhase;
			buildActionMask = 2147483647;
			files = (
			);
			runOnlyForDeploymentPostprocessing = 0;
		};
/* End PBXResourcesBuildPhase section */

/* Begin PBXSourcesBuildPhase section */
		F55E650C1C59CDE70007FF22 /* Sources */ = {
			isa = PBXSourcesBuildPhase;
			buildActionMask = 2147483647;
			files = (
				F55E65161C59CDE80007FF22 /* ViewController.swift in Sources */,
				F55E65141C59CDE80007FF22 /* AppDelegate.swift in Sources */,
				F55E651C1C59CDE80007FF22 /* Prueba.xcdatamodeld in Sources */,
			);
			runOnlyForDeploymentPostprocessing = 0;
		};
		F55E65231C59CDE80007FF22 /* Sources */ = {
			isa = PBXSourcesBuildPhase;
			buildActionMask = 2147483647;
			files = (
				F55E652C1C59CDE80007FF22 /* PruebaTests.swift in Sources */,
			);
			runOnlyForDeploymentPostprocessing = 0;
		};
		F55E652E1C59CDE80007FF22 /* Sources */ = {
			isa = PBXSourcesBuildPhase;
			buildActionMask = 2147483647;
			files = (
				F55E65371C59CDE80007FF22 /* PruebaUITests.swift in Sources */,
			);
			runOnlyForDeploymentPostprocessing = 0;
		};
/* End PBXSourcesBuildPhase section */

/* Begin PBXTargetDependency section */
		F55E65291C59CDE80007FF22 /* PBXTargetDependency */ = {
			isa = PBXTargetDependency;
			target = F55E650F1C59CDE70007FF22 /* Prueba */;
			targetProxy = F55E65281C59CDE80007FF22 /* PBXContainerItemProxy */;
		};
		F55E65341C59CDE80007FF22 /* PBXTargetDependency */ = {
			isa = PBXTargetDependency;
			target = F55E650F1C59CDE70007FF22 /* Prueba */;
			targetProxy = F55E65331C59CDE80007FF22 /* PBXContainerItemProxy */;
		};
/* End PBXTargetDependency section */

/* Begin PBXVariantGroup section */
		F55E65171C59CDE80007FF22 /* Main.storyboard */ = {
			isa = PBXVariantGroup;
			children = (
				F55E65181C59CDE80007FF22 /* Base */,
			);
			name = Main.storyboard;
			sourceTree = "<group>";
		};
		F55E651F1C59CDE80007FF22 /* LaunchScreen.storyboard */ = {
			isa = PBXVariantGroup;
			children = (
				F55E65201C59CDE80007FF22 /* Base */,
			);
			name = LaunchScreen.storyboard;
			sourceTree = "<group>";
		};
/* End PBXVariantGroup section */

/* Begin XCBuildConfiguration section */
		F55E65391C59CDE80007FF22 /* Debug */ = {
			isa = XCBuildConfiguration;
			buildSettings = {
				ALWAYS_SEARCH_USER_PATHS = NO;
				CLANG_CXX_LANGUAGE_STANDARD = "gnu++0x";
				CLANG_CXX_LIBRARY = "libc++";
				CLANG_ENABLE_MODULES = YES;
				CLANG_ENABLE_OBJC_ARC = YES;
				CLANG_WARN_BOOL_CONVERSION = YES;
				CLANG_WARN_CONSTANT_CONVERSION = YES;
				CLANG_WARN_DIRECT_OBJC_ISA_USAGE = YES_ERROR;
				CLANG_WARN_EMPTY_BODY = YES;
				CLANG_WARN_ENUM_CONVERSION = YES;
				CLANG_WARN_INT_CONVERSION = YES;
				CLANG_WARN_OBJC_ROOT_CLASS = YES_ERROR;
				CLANG_WARN_UNREACHABLE_CODE = YES;
				CLANG_WARN__DUPLICATE_METHOD_MATCH = YES;
				"CODE_SIGN_IDENTITY[sdk=iphoneos*]" = "iPhone Developer";
				COPY_PHASE_STRIP = NO;
				DEBUG_INFORMATION_FORMAT = dwarf;
				ENABLE_STRICT_OBJC_MSGSEND = YES;
				ENABLE_TESTABILITY = YES;
				GCC_C_LANGUAGE_STANDARD = gnu99;
				GCC_DYNAMIC_NO_PIC = NO;
				GCC_NO_COMMON_BLOCKS = YES;
				GCC_OPTIMIZATION_LEVEL = 0;
				GCC_PREPROCESSOR_DEFINITIONS = (
					"DEBUG=1",
					"$(inherited)",
				);
				GCC_WARN_64_TO_32_BIT_CONVERSION = YES;
				GCC_WARN_ABOUT_RETURN_TYPE = YES_ERROR;
				GCC_WARN_UNDECLARED_SELECTOR = YES;
				GCC_WARN_UNINITIALIZED_AUTOS = YES_AGGRESSIVE;
				GCC_WARN_UNUSED_FUNCTION = YES;
				GCC_WARN_UNUSED_VARIABLE = YES;
				IPHONEOS_DEPLOYMENT_TARGET = 9.2;
				MTL_ENABLE_DEBUG_INFO = YES;
				ONLY_ACTIVE_ARCH = YES;
				SDKROOT = iphoneos;
				SWIFT_OPTIMIZATION_LEVEL = "-Onone";
				TARGETED_DEVICE_FAMILY = "1,2";
			};
			name = Debug;
		};
		F55E653A1C59CDE80007FF22 /* Release */ = {
			isa = XCBuildConfiguration;
			buildSettings = {
				ALWAYS_SEARCH_USER_PATHS = NO;
				CLANG_CXX_LANGUAGE_STANDARD = "gnu++0x";
				CLANG_CXX_LIBRARY = "libc++";
				CLANG_ENABLE_MODULES = YES;
				CLANG_ENABLE_OBJC_ARC = YES;
				CLANG_WARN_BOOL_CONVERSION = YES;
				CLANG_WARN_CONSTANT_CONVERSION = YES;
				CLANG_WARN_DIRECT_OBJC_ISA_USAGE = YES_ERROR;
				CLANG_WARN_EMPTY_BODY = YES;
				CLANG_WARN_ENUM_CONVERSION = YES;
				CLANG_WARN_INT_CONVERSION = YES;
				CLANG_WARN_OBJC_ROOT_CLASS = YES_ERROR;
				CLANG_WARN_UNREACHABLE_CODE = YES;
				CLANG_WARN__DUPLICATE_METHOD_MATCH = YES;
				"CODE_SIGN_IDENTITY[sdk=iphoneos*]" = "iPhone Developer";
				COPY_PHASE_STRIP = NO;
				DEBUG_INFORMATION_FORMAT = "dwarf-with-dsym";
				ENABLE_NS_ASSERTIONS = NO;
				ENABLE_STRICT_OBJC_MSGSEND = YES;
				GCC_C_LANGUAGE_STANDARD = gnu99;
				GCC_NO_COMMON_BLOCKS = YES;
				GCC_WARN_64_TO_32_BIT_CONVERSION = YES;
				GCC_WARN_ABOUT_RETURN_TYPE = YES_ERROR;
				GCC_WARN_UNDECLARED_SELECTOR = YES;
				GCC_WARN_UNINITIALIZED_AUTOS = YES_AGGRESSIVE;
				GCC_WARN_UNUSED_FUNCTION = YES;
				GCC_WARN_UNUSED_VARIABLE = YES;
				IPHONEOS_DEPLOYMENT_TARGET = 9.2;
				MTL_ENABLE_DEBUG_INFO = NO;
				SDKROOT = iphoneos;
				TARGETED_DEVICE_FAMILY = "1,2";
				VALIDATE_PRODUCT = YES;
			};
			name = Release;
		};
		F55E653C1C59CDE80007FF22 /* Debug */ = {
			isa = XCBuildConfiguration;
			buildSettings = {
				ASSETCATALOG_COMPILER_APPICON_NAME = AppIcon;
				INFOPLIST_FILE = Prueba/Info.plist;
				LD_RUNPATH_SEARCH_PATHS = "$(inherited) @executable_path/Frameworks";
				PRODUCT_BUNDLE_IDENTIFIER = Plaza.Prueba;
				PRODUCT_NAME = "$(TARGET_NAME)";
			};
			name = Debug;
		};
		F55E653D1C59CDE80007FF22 /* Release */ = {
			isa = XCBuildConfiguration;
			buildSettings = {
				ASSETCATALOG_COMPILER_APPICON_NAME = AppIcon;
				INFOPLIST_FILE = Prueba/Info.plist;
				LD_RUNPATH_SEARCH_PATHS = "$(inherited) @executable_path/Frameworks";
				PRODUCT_BUNDLE_IDENTIFIER = Plaza.Prueba;
				PRODUCT_NAME = "$(TARGET_NAME)";
			};
			name = Release;
		};
		F55E653F1C59CDE80007FF22 /* Debug */ = {
			isa = XCBuildConfiguration;
			buildSettings = {
				BUNDLE_LOADER = "$(TEST_HOST)";
				INFOPLIST_FILE = PruebaTests/Info.plist;
				LD_RUNPATH_SEARCH_PATHS = "$(inherited) @executable_path/Frameworks @loader_path/Frameworks";
				PRODUCT_BUNDLE_IDENTIFIER = Plaza.PruebaTests;
				PRODUCT_NAME = "$(TARGET_NAME)";
				TEST_HOST = "$(BUILT_PRODUCTS_DIR)/Prueba.app/Prueba";
			};
			name = Debug;
		};
		F55E65401C59CDE80007FF22 /* Release */ = {
			isa = XCBuildConfiguration;
			buildSettings = {
				BUNDLE_LOADER = "$(TEST_HOST)";
				INFOPLIST_FILE = PruebaTests/Info.plist;
				LD_RUNPATH_SEARCH_PATHS = "$(inherited) @executable_path/Frameworks @loader_path/Frameworks";
				PRODUCT_BUNDLE_IDENTIFIER = Plaza.PruebaTests;
				PRODUCT_NAME = "$(TARGET_NAME)";
				TEST_HOST = "$(BUILT_PRODUCTS_DIR)/Prueba.app/Prueba";
			};
			name = Release;
		};
		F55E65421C59CDE80007FF22 /* Debug */ = {
			isa = XCBuildConfiguration;
			buildSettings = {
				INFOPLIST_FILE = PruebaUITests/Info.plist;
				LD_RUNPATH_SEARCH_PATHS = "$(inherited) @executable_path/Frameworks @loader_path/Frameworks";
				PRODUCT_BUNDLE_IDENTIFIER = Plaza.PruebaUITests;
				PRODUCT_NAME = "$(TARGET_NAME)";
				TEST_TARGET_NAME = Prueba;
				USES_XCTRUNNER = YES;
			};
			name = Debug;
		};
		F55E65431C59CDE80007FF22 /* Release */ = {
			isa = XCBuildConfiguration;
			buildSettings = {
				INFOPLIST_FILE = PruebaUITests/Info.plist;
				LD_RUNPATH_SEARCH_PATHS = "$(inherited) @executable_path/Frameworks @loader_path/Frameworks";
				PRODUCT_BUNDLE_IDENTIFIER = Plaza.PruebaUITests;
				PRODUCT_NAME = "$(TARGET_NAME)";
				TEST_TARGET_NAME = Prueba;
				USES_XCTRUNNER = YES;
			};
			name = Release;
		};
/* End XCBuildConfiguration section */

/* Begin XCConfigurationList section */
		F55E650B1C59CDE70007FF22 /* Build configuration list for PBXProject "Prueba" */ = {
			isa = XCConfigurationList;
			buildConfigurations = (
				F55E65391C59CDE80007FF22 /* Debug */,
				F55E653A1C59CDE80007FF22 /* Release */,
			);
			defaultConfigurationIsVisible = 0;
			defaultConfigurationName = Release;
		};
		F55E653B1C59CDE80007FF22 /* Build configuration list for PBXNativeTarget "Prueba" */ = {
			isa = XCConfigurationList;
			buildConfigurations = (
				F55E653C1C59CDE80007FF22 /* Debug */,
				F55E653D1C59CDE80007FF22 /* Release */,
			);
			defaultConfigurationIsVisible = 0;
		};
		F55E653E1C59CDE80007FF22 /* Build configuration list for PBXNativeTarget "PruebaTests" */ = {
			isa = XCConfigurationList;
			buildConfigurations = (
				F55E653F1C59CDE80007FF22 /* Debug */,
				F55E65401C59CDE80007FF22 /* Release */,
			);
			defaultConfigurationIsVisible = 0;
		};
		F55E65411C59CDE80007FF22 /* Build configuration list for PBXNativeTarget "PruebaUITests" */ = {
			isa = XCConfigurationList;
			buildConfigurations = (
				F55E65421C59CDE80007FF22 /* Debug */,
				F55E65431C59CDE80007FF22 /* Release */,
			);
			defaultConfigurationIsVisible = 0;
		};
/* End XCConfigurationList section */

/* Begin XCVersionGroup section */
		F55E651A1C59CDE80007FF22 /* Prueba.xcdatamodeld */ = {
			isa = XCVersionGroup;
			children = (
				F55E651B1C59CDE80007FF22 /* Prueba.xcdatamodel */,
			);
			currentVersion = F55E651B1C59CDE80007FF22 /* Prueba.xcdatamodel */;
			path = Prueba.xcdatamodeld;
			sourceTree = "<group>";
			versionGroupType = wrapper.xcdatamodel;
		};
/* End XCVersionGroup section */
	};
	rootObject = F55E65081C59CDE70007FF22 /* Project object */;
}
